
Microsoft Visual Studio Solution File, Format Version 12.00
# Visual Studio Version 17
VisualStudioVersion = 17.8.34511.84
MinimumVisualStudioVersion = 10.0.40219.1
Project("{FAE04EC0-301F-11D3-BF4B-00C04F79EFBC}") = "2FA", "2FA.csproj", "{1D7925A3-79BF-4E41-9D67-0F0CB6004C3E}"
EndProject
Global
	GlobalSection(SolutionConfigurationPlatforms) = preSolution
		Debug|Any CPU = Debug|Any CPU
		Release|Any CPU = Release|Any CPU
	EndGlobalSection
	GlobalSection(ProjectConfigurationPlatforms) = postSolution
		{1D7925A3-79BF-4E41-9D67-0F0CB6004C3E}.Debug|Any CPU.ActiveCfg = Debug|Any CPU
		{1D7925A3-79BF-4E41-9D67-0F0CB6004C3E}.Debug|Any CPU.Build.0 = Debug|Any CPU
		{1D7925A3-79BF-4E41-9D67-0F0CB6004C3E}.Release|Any CPU.ActiveCfg = Release|Any CPU
		{1D7925A3-79BF-4E41-9D67-0F0CB6004C3E}.Release|Any CPU.Build.0 = Release|Any CPU
	EndGlobalSection
	GlobalSection(SolutionProperties) = preSolution
		HideSolutionNode = FALSE
	EndGlobalSection
	GlobalSection(ExtensibilityGlobals) = postSolution
		SolutionGuid = {67F5BDC0-25E6-4DE9-B2AF-0AFA9346AFB3}
	EndGlobalSection
EndGlobal
