
Microsoft Visual Studio Solution File, Format Version 12.00
# Visual Studio Version 17
VisualStudioVersion = 17.4.33103.184
MinimumVisualStudioVersion = 10.0.40219.1
Project("{FAE04EC0-301F-11D3-BF4B-00C04F79EFBC}") = "webapihealthclinic", "webapihealthclinic.csproj", "{02CAF832-FB37-49A4-8A4C-16900C6A265C}"
EndProject
Global
	GlobalSection(SolutionConfigurationPlatforms) = preSolution
		Debug|Any CPU = Debug|Any CPU
		Release|Any CPU = Release|Any CPU
	EndGlobalSection
	GlobalSection(ProjectConfigurationPlatforms) = postSolution
		{02CAF832-FB37-49A4-8A4C-16900C6A265C}.Debug|Any CPU.ActiveCfg = Debug|Any CPU
		{02CAF832-FB37-49A4-8A4C-16900C6A265C}.Debug|Any CPU.Build.0 = Debug|Any CPU
		{02CAF832-FB37-49A4-8A4C-16900C6A265C}.Release|Any CPU.ActiveCfg = Release|Any CPU
		{02CAF832-FB37-49A4-8A4C-16900C6A265C}.Release|Any CPU.Build.0 = Release|Any CPU
	EndGlobalSection
	GlobalSection(SolutionProperties) = preSolution
		HideSolutionNode = FALSE
	EndGlobalSection
	GlobalSection(ExtensibilityGlobals) = postSolution
		SolutionGuid = {2B75DC99-1DD7-47C8-8CC0-D2CF5C9C72CD}
	EndGlobalSection
EndGlobal
